
Microsoft Visual Studio Solution File, Format Version 12.00
# Visual Studio Version 17
VisualStudioVersion = 17.9.34616.47
MinimumVisualStudioVersion = 10.0.40219.1
Project("{9A19103F-16F7-4668-BE54-9A1E7A4F7556}") = "FlattenFolder", "FlattenFolder\FlattenFolder.csproj", "{AE18D739-09F6-4EE5-A730-38916C0D9CF7}"
EndProject
Project("{FAE04EC0-301F-11D3-BF4B-00C04F79EFBC}") = "FlattenFolder.Console", "FlattenFolder.Console\FlattenFolder.Console.csproj", "{D2E351D6-2CCC-4477-A782-46762D72CC0C}"
EndProject
Global
	GlobalSection(SolutionConfigurationPlatforms) = preSolution
		Debug|Any CPU = Debug|Any CPU
		Release|Any CPU = Release|Any CPU
	EndGlobalSection
	GlobalSection(ProjectConfigurationPlatforms) = postSolution
		{AE18D739-09F6-4EE5-A730-38916C0D9CF7}.Debug|Any CPU.ActiveCfg = Debug|Any CPU
		{AE18D739-09F6-4EE5-A730-38916C0D9CF7}.Debug|Any CPU.Build.0 = Debug|Any CPU
		{AE18D739-09F6-4EE5-A730-38916C0D9CF7}.Release|Any CPU.ActiveCfg = Release|Any CPU
		{AE18D739-09F6-4EE5-A730-38916C0D9CF7}.Release|Any CPU.Build.0 = Release|Any CPU
		{D2E351D6-2CCC-4477-A782-46762D72CC0C}.Debug|Any CPU.ActiveCfg = Debug|Any CPU
		{D2E351D6-2CCC-4477-A782-46762D72CC0C}.Debug|Any CPU.Build.0 = Debug|Any CPU
		{D2E351D6-2CCC-4477-A782-46762D72CC0C}.Release|Any CPU.ActiveCfg = Release|Any CPU
		{D2E351D6-2CCC-4477-A782-46762D72CC0C}.Release|Any CPU.Build.0 = Release|Any CPU
	EndGlobalSection
	GlobalSection(SolutionProperties) = preSolution
		HideSolutionNode = FALSE
	EndGlobalSection
	GlobalSection(ExtensibilityGlobals) = postSolution
		SolutionGuid = {14E7A932-014E-4404-9712-A818457ADC89}
	EndGlobalSection
EndGlobal
